// !$*UTF8*$!
{
	archiveVersion = 1;
	classes = {
	};
	objectVersion = 55;
	objects = {

/* Begin PBXBuildFile section */
		1915BFAFEA18AB9E86154D74 /* Pods_Flix_FlixUITests.framework in Frameworks */ = {isa = PBXBuildFile; fileRef = 7E6B47581D9A10C7BB0B8A15 /* Pods_Flix_FlixUITests.framework */; };
		43B3CC06F57A89937A88DF71 /* Pods_FlixTests.framework in Frameworks */ = {isa = PBXBuildFile; fileRef = DEDF9BF3F00CC7EE87721D41 /* Pods_FlixTests.framework */; };
		6A36BDCC28CFD77B00E8894E /* AppDelegate.swift in Sources */ = {isa = PBXBuildFile; fileRef = 6A36BDCB28CFD77B00E8894E /* AppDelegate.swift */; };
		6A36BDCE28CFD77B00E8894E /* SceneDelegate.swift in Sources */ = {isa = PBXBuildFile; fileRef = 6A36BDCD28CFD77B00E8894E /* SceneDelegate.swift */; };
		6A36BDD028CFD77B00E8894E /* MoviesViewController.swift in Sources */ = {isa = PBXBuildFile; fileRef = 6A36BDCF28CFD77B00E8894E /* MoviesViewController.swift */; };
		6A36BDD328CFD77B00E8894E /* Main.storyboard in Resources */ = {isa = PBXBuildFile; fileRef = 6A36BDD128CFD77B00E8894E /* Main.storyboard */; };
		6A36BDD528CFD77E00E8894E /* Assets.xcassets in Resources */ = {isa = PBXBuildFile; fileRef = 6A36BDD428CFD77E00E8894E /* Assets.xcassets */; };
		6A36BDD828CFD77E00E8894E /* LaunchScreen.storyboard in Resources */ = {isa = PBXBuildFile; fileRef = 6A36BDD628CFD77E00E8894E /* LaunchScreen.storyboard */; };
		6A36BDE328CFD77E00E8894E /* FlixTests.swift in Sources */ = {isa = PBXBuildFile; fileRef = 6A36BDE228CFD77E00E8894E /* FlixTests.swift */; };
		6A36BDED28CFD77E00E8894E /* FlixUITests.swift in Sources */ = {isa = PBXBuildFile; fileRef = 6A36BDEC28CFD77E00E8894E /* FlixUITests.swift */; };
		6A36BDEF28CFD77E00E8894E /* FlixUITestsLaunchTests.swift in Sources */ = {isa = PBXBuildFile; fileRef = 6A36BDEE28CFD77E00E8894E /* FlixUITestsLaunchTests.swift */; };
		6A472CD528CFFE740030BA33 /* MovieCell.swift in Sources */ = {isa = PBXBuildFile; fileRef = 6A472CD428CFFE740030BA33 /* MovieCell.swift */; };
		6A472CD828D001AF0030BA33 /* AlamofireImage in Frameworks */ = {isa = PBXBuildFile; productRef = 6A472CD728D001AF0030BA33 /* AlamofireImage */; };
		9D770DAEA4234085E9FE0281 /* Pods_Flix.framework in Frameworks */ = {isa = PBXBuildFile; fileRef = A5B652765311B467F7845071 /* Pods_Flix.framework */; };
/* End PBXBuildFile section */

/* Begin PBXContainerItemProxy section */
		6A36BDDF28CFD77E00E8894E /* PBXContainerItemProxy */ = {
			isa = PBXContainerItemProxy;
			containerPortal = 6A36BDC028CFD77B00E8894E /* Project object */;
			proxyType = 1;
			remoteGlobalIDString = 6A36BDC728CFD77B00E8894E;
			remoteInfo = Flix;
		};
		6A36BDE928CFD77E00E8894E /* PBXContainerItemProxy */ = {
			isa = PBXContainerItemProxy;
			containerPortal = 6A36BDC028CFD77B00E8894E /* Project object */;
			proxyType = 1;
			remoteGlobalIDString = 6A36BDC728CFD77B00E8894E;
			remoteInfo = Flix;
		};
/* End PBXContainerItemProxy section */

/* Begin PBXFileReference section */
		6A36BDC828CFD77B00E8894E /* Flix.app */ = {isa = PBXFileReference; explicitFileType = wrapper.application; includeInIndex = 0; path = Flix.app; sourceTree = BUILT_PRODUCTS_DIR; };
		6A36BDCB28CFD77B00E8894E /* AppDelegate.swift */ = {isa = PBXFileReference; lastKnownFileType = sourcecode.swift; path = AppDelegate.swift; sourceTree = "<group>"; };
		6A36BDCD28CFD77B00E8894E /* SceneDelegate.swift */ = {isa = PBXFileReference; lastKnownFileType = sourcecode.swift; path = SceneDelegate.swift; sourceTree = "<group>"; };
		6A36BDCF28CFD77B00E8894E /* MoviesViewController.swift */ = {isa = PBXFileReference; lastKnownFileType = sourcecode.swift; path = MoviesViewController.swift; sourceTree = "<group>"; };
		6A36BDD228CFD77B00E8894E /* Base */ = {isa = PBXFileReference; lastKnownFileType = file.storyboard; name = Base; path = Base.lproj/Main.storyboard; sourceTree = "<group>"; };
		6A36BDD428CFD77E00E8894E /* Assets.xcassets */ = {isa = PBXFileReference; lastKnownFileType = folder.assetcatalog; path = Assets.xcassets; sourceTree = "<group>"; };
		6A36BDD728CFD77E00E8894E /* Base */ = {isa = PBXFileReference; lastKnownFileType = file.storyboard; name = Base; path = Base.lproj/LaunchScreen.storyboard; sourceTree = "<group>"; };
		6A36BDD928CFD77E00E8894E /* Info.plist */ = {isa = PBXFileReference; lastKnownFileType = text.plist.xml; path = Info.plist; sourceTree = "<group>"; };
		6A36BDDE28CFD77E00E8894E /* FlixTests.xctest */ = {isa = PBXFileReference; explicitFileType = wrapper.cfbundle; includeInIndex = 0; path = FlixTests.xctest; sourceTree = BUILT_PRODUCTS_DIR; };
		6A36BDE228CFD77E00E8894E /* FlixTests.swift */ = {isa = PBXFileReference; lastKnownFileType = sourcecode.swift; path = FlixTests.swift; sourceTree = "<group>"; };
		6A36BDE828CFD77E00E8894E /* FlixUITests.xctest */ = {isa = PBXFileReference; explicitFileType = wrapper.cfbundle; includeInIndex = 0; path = FlixUITests.xctest; sourceTree = BUILT_PRODUCTS_DIR; };
		6A36BDEC28CFD77E00E8894E /* FlixUITests.swift */ = {isa = PBXFileReference; lastKnownFileType = sourcecode.swift; path = FlixUITests.swift; sourceTree = "<group>"; };
		6A36BDEE28CFD77E00E8894E /* FlixUITestsLaunchTests.swift */ = {isa = PBXFileReference; lastKnownFileType = sourcecode.swift; path = FlixUITestsLaunchTests.swift; sourceTree = "<group>"; };
		6A472CD428CFFE740030BA33 /* MovieCell.swift */ = {isa = PBXFileReference; lastKnownFileType = sourcecode.swift; path = MovieCell.swift; sourceTree = "<group>"; };
		72AE1FAB4F99B230EB36548F /* Pods-FlixTests.debug.xcconfig */ = {isa = PBXFileReference; includeInIndex = 1; lastKnownFileType = text.xcconfig; name = "Pods-FlixTests.debug.xcconfig"; path = "Target Support Files/Pods-FlixTests/Pods-FlixTests.debug.xcconfig"; sourceTree = "<group>"; };
		7E6B47581D9A10C7BB0B8A15 /* Pods_Flix_FlixUITests.framework */ = {isa = PBXFileReference; explicitFileType = wrapper.framework; includeInIndex = 0; path = Pods_Flix_FlixUITests.framework; sourceTree = BUILT_PRODUCTS_DIR; };
		9C2F8558FF2A10B7EF42E5DC /* Pods-Flix-FlixUITests.release.xcconfig */ = {isa = PBXFileReference; includeInIndex = 1; lastKnownFileType = text.xcconfig; name = "Pods-Flix-FlixUITests.release.xcconfig"; path = "Target Support Files/Pods-Flix-FlixUITests/Pods-Flix-FlixUITests.release.xcconfig"; sourceTree = "<group>"; };
		9D150F25237A68C21FB4EEA4 /* Pods-Flix-FlixUITests.debug.xcconfig */ = {isa = PBXFileReference; includeInIndex = 1; lastKnownFileType = text.xcconfig; name = "Pods-Flix-FlixUITests.debug.xcconfig"; path = "Target Support Files/Pods-Flix-FlixUITests/Pods-Flix-FlixUITests.debug.xcconfig"; sourceTree = "<group>"; };
		A5B652765311B467F7845071 /* Pods_Flix.framework */ = {isa = PBXFileReference; explicitFileType = wrapper.framework; includeInIndex = 0; path = Pods_Flix.framework; sourceTree = BUILT_PRODUCTS_DIR; };
		B4AA021174D9772B6A28EC1C /* Pods-Flix.debug.xcconfig */ = {isa = PBXFileReference; includeInIndex = 1; lastKnownFileType = text.xcconfig; name = "Pods-Flix.debug.xcconfig"; path = "Target Support Files/Pods-Flix/Pods-Flix.debug.xcconfig"; sourceTree = "<group>"; };
		C5D0357B9B877A129FD1556B /* Pods-FlixTests.release.xcconfig */ = {isa = PBXFileReference; includeInIndex = 1; lastKnownFileType = text.xcconfig; name = "Pods-FlixTests.release.xcconfig"; path = "Target Support Files/Pods-FlixTests/Pods-FlixTests.release.xcconfig"; sourceTree = "<group>"; };
		C72F4287C7B0B8C4B0B2D793 /* Pods-Flix.release.xcconfig */ = {isa = PBXFileReference; includeInIndex = 1; lastKnownFileType = text.xcconfig; name = "Pods-Flix.release.xcconfig"; path = "Target Support Files/Pods-Flix/Pods-Flix.release.xcconfig"; sourceTree = "<group>"; };
		DEDF9BF3F00CC7EE87721D41 /* Pods_FlixTests.framework */ = {isa = PBXFileReference; explicitFileType = wrapper.framework; includeInIndex = 0; path = Pods_FlixTests.framework; sourceTree = BUILT_PRODUCTS_DIR; };
/* End PBXFileReference section */

/* Begin PBXFrameworksBuildPhase section */
		6A36BDC528CFD77B00E8894E /* Frameworks */ = {
			isa = PBXFrameworksBuildPhase;
			buildActionMask = 2147483647;
			files = (
				6A472CD828D001AF0030BA33 /* AlamofireImage in Frameworks */,
				9D770DAEA4234085E9FE0281 /* Pods_Flix.framework in Frameworks */,
			);
			runOnlyForDeploymentPostprocessing = 0;
		};
		6A36BDDB28CFD77E00E8894E /* Frameworks */ = {
			isa = PBXFrameworksBuildPhase;
			buildActionMask = 2147483647;
			files = (
				43B3CC06F57A89937A88DF71 /* Pods_FlixTests.framework in Frameworks */,
			);
			runOnlyForDeploymentPostprocessing = 0;
		};
		6A36BDE528CFD77E00E8894E /* Frameworks */ = {
			isa = PBXFrameworksBuildPhase;
			buildActionMask = 2147483647;
			files = (
				1915BFAFEA18AB9E86154D74 /* Pods_Flix_FlixUITests.framework in Frameworks */,
			);
			runOnlyForDeploymentPostprocessing = 0;
		};
/* End PBXFrameworksBuildPhase section */

/* Begin PBXGroup section */
		6A36BDBF28CFD77B00E8894E = {
			isa = PBXGroup;
			children = (
				6A36BDCA28CFD77B00E8894E /* Flix */,
				6A36BDE128CFD77E00E8894E /* FlixTests */,
				6A36BDEB28CFD77E00E8894E /* FlixUITests */,
				6A36BDC928CFD77B00E8894E /* Products */,
				F8F9AAC9416D7CF0D94E10D6 /* Pods */,
				B2FFE112A38FB68D9EF99790 /* Frameworks */,
			);
			sourceTree = "<group>";
		};
		6A36BDC928CFD77B00E8894E /* Products */ = {
			isa = PBXGroup;
			children = (
				6A36BDC828CFD77B00E8894E /* Flix.app */,
				6A36BDDE28CFD77E00E8894E /* FlixTests.xctest */,
				6A36BDE828CFD77E00E8894E /* FlixUITests.xctest */,
			);
			name = Products;
			sourceTree = "<group>";
		};
		6A36BDCA28CFD77B00E8894E /* Flix */ = {
			isa = PBXGroup;
			children = (
				6A36BDCB28CFD77B00E8894E /* AppDelegate.swift */,
				6A36BDCD28CFD77B00E8894E /* SceneDelegate.swift */,
				6A36BDCF28CFD77B00E8894E /* MoviesViewController.swift */,
				6A36BDD128CFD77B00E8894E /* Main.storyboard */,
				6A36BDD428CFD77E00E8894E /* Assets.xcassets */,
				6A36BDD628CFD77E00E8894E /* LaunchScreen.storyboard */,
				6A36BDD928CFD77E00E8894E /* Info.plist */,
				6A472CD428CFFE740030BA33 /* MovieCell.swift */,
			);
			path = Flix;
			sourceTree = "<group>";
		};
		6A36BDE128CFD77E00E8894E /* FlixTests */ = {
			isa = PBXGroup;
			children = (
				6A36BDE228CFD77E00E8894E /* FlixTests.swift */,
			);
			path = FlixTests;
			sourceTree = "<group>";
		};
		6A36BDEB28CFD77E00E8894E /* FlixUITests */ = {
			isa = PBXGroup;
			children = (
				6A36BDEC28CFD77E00E8894E /* FlixUITests.swift */,
				6A36BDEE28CFD77E00E8894E /* FlixUITestsLaunchTests.swift */,
			);
			path = FlixUITests;
			sourceTree = "<group>";
		};
		B2FFE112A38FB68D9EF99790 /* Frameworks */ = {
			isa = PBXGroup;
			children = (
				A5B652765311B467F7845071 /* Pods_Flix.framework */,
				7E6B47581D9A10C7BB0B8A15 /* Pods_Flix_FlixUITests.framework */,
				DEDF9BF3F00CC7EE87721D41 /* Pods_FlixTests.framework */,
			);
			name = Frameworks;
			sourceTree = "<group>";
		};
		F8F9AAC9416D7CF0D94E10D6 /* Pods */ = {
			isa = PBXGroup;
			children = (
				B4AA021174D9772B6A28EC1C /* Pods-Flix.debug.xcconfig */,
				C72F4287C7B0B8C4B0B2D793 /* Pods-Flix.release.xcconfig */,
				9D150F25237A68C21FB4EEA4 /* Pods-Flix-FlixUITests.debug.xcconfig */,
				9C2F8558FF2A10B7EF42E5DC /* Pods-Flix-FlixUITests.release.xcconfig */,
				72AE1FAB4F99B230EB36548F /* Pods-FlixTests.debug.xcconfig */,
				C5D0357B9B877A129FD1556B /* Pods-FlixTests.release.xcconfig */,
			);
			name = Pods;
			path = Pods;
			sourceTree = "<group>";
		};
/* End PBXGroup section */

/* Begin PBXNativeTarget section */
		6A36BDC728CFD77B00E8894E /* Flix */ = {
			isa = PBXNativeTarget;
			buildConfigurationList = 6A36BDF228CFD77E00E8894E /* Build configuration list for PBXNativeTarget "Flix" */;
			buildPhases = (
				C9A2CC5E15C0533B5F3CE856 /* [CP] Check Pods Manifest.lock */,
				6A36BDC428CFD77B00E8894E /* Sources */,
				6A36BDC528CFD77B00E8894E /* Frameworks */,
				6A36BDC628CFD77B00E8894E /* Resources */,
				7BE9B8F1705340C1639E7D7E /* [CP] Embed Pods Frameworks */,
			);
			buildRules = (
			);
			dependencies = (
			);
			name = Flix;
			packageProductDependencies = (
				6A472CD728D001AF0030BA33 /* AlamofireImage */,
			);
			productName = Flix;
			productReference = 6A36BDC828CFD77B00E8894E /* Flix.app */;
			productType = "com.apple.product-type.application";
		};
		6A36BDDD28CFD77E00E8894E /* FlixTests */ = {
			isa = PBXNativeTarget;
			buildConfigurationList = 6A36BDF528CFD77E00E8894E /* Build configuration list for PBXNativeTarget "FlixTests" */;
			buildPhases = (
				B11AE339BA37CE9F6C36599A /* [CP] Check Pods Manifest.lock */,
				6A36BDDA28CFD77E00E8894E /* Sources */,
				6A36BDDB28CFD77E00E8894E /* Frameworks */,
				6A36BDDC28CFD77E00E8894E /* Resources */,
			);
			buildRules = (
			);
			dependencies = (
				6A36BDE028CFD77E00E8894E /* PBXTargetDependency */,
			);
			name = FlixTests;
			productName = FlixTests;
			productReference = 6A36BDDE28CFD77E00E8894E /* FlixTests.xctest */;
			productType = "com.apple.product-type.bundle.unit-test";
		};
		6A36BDE728CFD77E00E8894E /* FlixUITests */ = {
			isa = PBXNativeTarget;
			buildConfigurationList = 6A36BDF828CFD77E00E8894E /* Build configuration list for PBXNativeTarget "FlixUITests" */;
			buildPhases = (
				763119DA273A130FE8747605 /* [CP] Check Pods Manifest.lock */,
				6A36BDE428CFD77E00E8894E /* Sources */,
				6A36BDE528CFD77E00E8894E /* Frameworks */,
				6A36BDE628CFD77E00E8894E /* Resources */,
				38A84B8598C415A957FB5D4F /* [CP] Embed Pods Frameworks */,
			);
			buildRules = (
			);
			dependencies = (
				6A36BDEA28CFD77E00E8894E /* PBXTargetDependency */,
			);
			name = FlixUITests;
			productName = FlixUITests;
			productReference = 6A36BDE828CFD77E00E8894E /* FlixUITests.xctest */;
			productType = "com.apple.product-type.bundle.ui-testing";
		};
/* End PBXNativeTarget section */

/* Begin PBXProject section */
		6A36BDC028CFD77B00E8894E /* Project object */ = {
			isa = PBXProject;
			attributes = {
				BuildIndependentTargetsInParallel = 1;
				LastSwiftUpdateCheck = 1340;
				LastUpgradeCheck = 1340;
				TargetAttributes = {
					6A36BDC728CFD77B00E8894E = {
						CreatedOnToolsVersion = 13.4.1;
					};
					6A36BDDD28CFD77E00E8894E = {
						CreatedOnToolsVersion = 13.4.1;
						TestTargetID = 6A36BDC728CFD77B00E8894E;
					};
					6A36BDE728CFD77E00E8894E = {
						CreatedOnToolsVersion = 13.4.1;
						TestTargetID = 6A36BDC728CFD77B00E8894E;
					};
				};
			};
			buildConfigurationList = 6A36BDC328CFD77B00E8894E /* Build configuration list for PBXProject "Flix" */;
			compatibilityVersion = "Xcode 13.0";
			developmentRegion = en;
			hasScannedForEncodings = 0;
			knownRegions = (
				en,
				Base,
			);
			mainGroup = 6A36BDBF28CFD77B00E8894E;
			packageReferences = (
				6A472CD628D001AF0030BA33 /* XCRemoteSwiftPackageReference "AlamofireImage" */,
			);
			productRefGroup = 6A36BDC928CFD77B00E8894E /* Products */;
			projectDirPath = "";
			projectRoot = "";
			targets = (
				6A36BDC728CFD77B00E8894E /* Flix */,
				6A36BDDD28CFD77E00E8894E /* FlixTests */,
				6A36BDE728CFD77E00E8894E /* FlixUITests */,
			);
		};
/* End PBXProject section */

/* Begin PBXResourcesBuildPhase section */
		6A36BDC628CFD77B00E8894E /* Resources */ = {
			isa = PBXResourcesBuildPhase;
			buildActionMask = 2147483647;
			files = (
				6A36BDD828CFD77E00E8894E /* LaunchScreen.storyboard in Resources */,
				6A36BDD528CFD77E00E8894E /* Assets.xcassets in Resources */,
				6A36BDD328CFD77B00E8894E /* Main.storyboard in Resources */,
			);
			runOnlyForDeploymentPostprocessing = 0;
		};
		6A36BDDC28CFD77E00E8894E /* Resources */ = {
			isa = PBXResourcesBuildPhase;
			buildActionMask = 2147483647;
			files = (
			);
			runOnlyForDeploymentPostprocessing = 0;
		};
		6A36BDE628CFD77E00E8894E /* Resources */ = {
			isa = PBXResourcesBuildPhase;
			buildActionMask = 2147483647;
			files = (
			);
			runOnlyForDeploymentPostprocessing = 0;
		};
/* End PBXResourcesBuildPhase section */

/* Begin PBXShellScriptBuildPhase section */
		38A84B8598C415A957FB5D4F /* [CP] Embed Pods Frameworks */ = {
			isa = PBXShellScriptBuildPhase;
			buildActionMask = 2147483647;
			files = (
			);
			inputFileListPaths = (
				"${PODS_ROOT}/Target Support Files/Pods-Flix-FlixUITests/Pods-Flix-FlixUITests-frameworks-${CONFIGURATION}-input-files.xcfilelist",
			);
			name = "[CP] Embed Pods Frameworks";
			outputFileListPaths = (
				"${PODS_ROOT}/Target Support Files/Pods-Flix-FlixUITests/Pods-Flix-FlixUITests-frameworks-${CONFIGURATION}-output-files.xcfilelist",
			);
			runOnlyForDeploymentPostprocessing = 0;
			shellPath = /bin/sh;
			shellScript = "\"${PODS_ROOT}/Target Support Files/Pods-Flix-FlixUITests/Pods-Flix-FlixUITests-frameworks.sh\"\n";
			showEnvVarsInLog = 0;
		};
		763119DA273A130FE8747605 /* [CP] Check Pods Manifest.lock */ = {
			isa = PBXShellScriptBuildPhase;
			buildActionMask = 2147483647;
			files = (
			);
			inputFileListPaths = (
			);
			inputPaths = (
				"${PODS_PODFILE_DIR_PATH}/Podfile.lock",
				"${PODS_ROOT}/Manifest.lock",
			);
			name = "[CP] Check Pods Manifest.lock";
			outputFileListPaths = (
			);
			outputPaths = (
				"$(DERIVED_FILE_DIR)/Pods-Flix-FlixUITests-checkManifestLockResult.txt",
			);
			runOnlyForDeploymentPostprocessing = 0;
			shellPath = /bin/sh;
			shellScript = "diff \"${PODS_PODFILE_DIR_PATH}/Podfile.lock\" \"${PODS_ROOT}/Manifest.lock\" > /dev/null\nif [ $? != 0 ] ; then\n    # print error to STDERR\n    echo \"error: The sandbox is not in sync with the Podfile.lock. Run 'pod install' or update your CocoaPods installation.\" >&2\n    exit 1\nfi\n# This output is used by Xcode 'outputs' to avoid re-running this script phase.\necho \"SUCCESS\" > \"${SCRIPT_OUTPUT_FILE_0}\"\n";
			showEnvVarsInLog = 0;
		};
		7BE9B8F1705340C1639E7D7E /* [CP] Embed Pods Frameworks */ = {
			isa = PBXShellScriptBuildPhase;
			buildActionMask = 2147483647;
			files = (
			);
			inputFileListPaths = (
				"${PODS_ROOT}/Target Support Files/Pods-Flix/Pods-Flix-frameworks-${CONFIGURATION}-input-files.xcfilelist",
			);
			name = "[CP] Embed Pods Frameworks";
			outputFileListPaths = (
				"${PODS_ROOT}/Target Support Files/Pods-Flix/Pods-Flix-frameworks-${CONFIGURATION}-output-files.xcfilelist",
			);
			runOnlyForDeploymentPostprocessing = 0;
			shellPath = /bin/sh;
			shellScript = "\"${PODS_ROOT}/Target Support Files/Pods-Flix/Pods-Flix-frameworks.sh\"\n";
			showEnvVarsInLog = 0;
		};
		B11AE339BA37CE9F6C36599A /* [CP] Check Pods Manifest.lock */ = {
			isa = PBXShellScriptBuildPhase;
			buildActionMask = 2147483647;
			files = (
			);
			inputFileListPaths = (
			);
			inputPaths = (
				"${PODS_PODFILE_DIR_PATH}/Podfile.lock",
				"${PODS_ROOT}/Manifest.lock",
			);
			name = "[CP] Check Pods Manifest.lock";
			outputFileListPaths = (
			);
			outputPaths = (
				"$(DERIVED_FILE_DIR)/Pods-FlixTests-checkManifestLockResult.txt",
			);
			runOnlyForDeploymentPostprocessing = 0;
			shellPath = /bin/sh;
			shellScript = "diff \"${PODS_PODFILE_DIR_PATH}/Podfile.lock\" \"${PODS_ROOT}/Manifest.lock\" > /dev/null\nif [ $? != 0 ] ; then\n    # print error to STDERR\n    echo \"error: The sandbox is not in sync with the Podfile.lock. Run 'pod install' or update your CocoaPods installation.\" >&2\n    exit 1\nfi\n# This output is used by Xcode 'outputs' to avoid re-running this script phase.\necho \"SUCCESS\" > \"${SCRIPT_OUTPUT_FILE_0}\"\n";
			showEnvVarsInLog = 0;
		};
		C9A2CC5E15C0533B5F3CE856 /* [CP] Check Pods Manifest.lock */ = {
			isa = PBXShellScriptBuildPhase;
			buildActionMask = 2147483647;
			files = (
			);
			inputFileListPaths = (
			);
			inputPaths = (
				"${PODS_PODFILE_DIR_PATH}/Podfile.lock",
				"${PODS_ROOT}/Manifest.lock",
			);
			name = "[CP] Check Pods Manifest.lock";
			outputFileListPaths = (
			);
			outputPaths = (
				"$(DERIVED_FILE_DIR)/Pods-Flix-checkManifestLockResult.txt",
			);
			runOnlyForDeploymentPostprocessing = 0;
			shellPath = /bin/sh;
			shellScript = "diff \"${PODS_PODFILE_DIR_PATH}/Podfile.lock\" \"${PODS_ROOT}/Manifest.lock\" > /dev/null\nif [ $? != 0 ] ; then\n    # print error to STDERR\n    echo \"error: The sandbox is not in sync with the Podfile.lock. Run 'pod install' or update your CocoaPods installation.\" >&2\n    exit 1\nfi\n# This output is used by Xcode 'outputs' to avoid re-running this script phase.\necho \"SUCCESS\" > \"${SCRIPT_OUTPUT_FILE_0}\"\n";
			showEnvVarsInLog = 0;
		};
/* End PBXShellScriptBuildPhase section */

/* Begin PBXSourcesBuildPhase section */
		6A36BDC428CFD77B00E8894E /* Sources */ = {
			isa = PBXSourcesBuildPhase;
			buildActionMask = 2147483647;
			files = (
				6A36BDD028CFD77B00E8894E /* MoviesViewController.swift in Sources */,
				6A36BDCC28CFD77B00E8894E /* AppDelegate.swift in Sources */,
				6A472CD528CFFE740030BA33 /* MovieCell.swift in Sources */,
				6A36BDCE28CFD77B00E8894E /* SceneDelegate.swift in Sources */,
			);
			runOnlyForDeploymentPostprocessing = 0;
		};
		6A36BDDA28CFD77E00E8894E /* Sources */ = {
			isa = PBXSourcesBuildPhase;
			buildActionMask = 2147483647;
			files = (
				6A36BDE328CFD77E00E8894E /* FlixTests.swift in Sources */,
			);
			runOnlyForDeploymentPostprocessing = 0;
		};
		6A36BDE428CFD77E00E8894E /* Sources */ = {
			isa = PBXSourcesBuildPhase;
			buildActionMask = 2147483647;
			files = (
				6A36BDED28CFD77E00E8894E /* FlixUITests.swift in Sources */,
				6A36BDEF28CFD77E00E8894E /* FlixUITestsLaunchTests.swift in Sources */,
			);
			runOnlyForDeploymentPostprocessing = 0;
		};
/* End PBXSourcesBuildPhase section */

/* Begin PBXTargetDependency section */
		6A36BDE028CFD77E00E8894E /* PBXTargetDependency */ = {
			isa = PBXTargetDependency;
			target = 6A36BDC728CFD77B00E8894E /* Flix */;
			targetProxy = 6A36BDDF28CFD77E00E8894E /* PBXContainerItemProxy */;
		};
		6A36BDEA28CFD77E00E8894E /* PBXTargetDependency */ = {
			isa = PBXTargetDependency;
			target = 6A36BDC728CFD77B00E8894E /* Flix */;
			targetProxy = 6A36BDE928CFD77E00E8894E /* PBXContainerItemProxy */;
		};
/* End PBXTargetDependency section */

/* Begin PBXVariantGroup section */
		6A36BDD128CFD77B00E8894E /* Main.storyboard */ = {
			isa = PBXVariantGroup;
			children = (
				6A36BDD228CFD77B00E8894E /* Base */,
			);
			name = Main.storyboard;
			sourceTree = "<group>";
		};
		6A36BDD628CFD77E00E8894E /* LaunchScreen.storyboard */ = {
			isa = PBXVariantGroup;
			children = (
				6A36BDD728CFD77E00E8894E /* Base */,
			);
			name = LaunchScreen.storyboard;
			sourceTree = "<group>";
		};
/* End PBXVariantGroup section */

/* Begin XCBuildConfiguration section */
		6A36BDF028CFD77E00E8894E /* Debug */ = {
			isa = XCBuildConfiguration;
			buildSettings = {
				ALWAYS_SEARCH_USER_PATHS = NO;
				CLANG_ANALYZER_NONNULL = YES;
				CLANG_ANALYZER_NUMBER_OBJECT_CONVERSION = YES_AGGRESSIVE;
				CLANG_CXX_LANGUAGE_STANDARD = "gnu++17";
				CLANG_ENABLE_MODULES = YES;
				CLANG_ENABLE_OBJC_ARC = YES;
				CLANG_ENABLE_OBJC_WEAK = YES;
				CLANG_WARN_BLOCK_CAPTURE_AUTORELEASING = YES;
				CLANG_WARN_BOOL_CONVERSION = YES;
				CLANG_WARN_COMMA = YES;
				CLANG_WARN_CONSTANT_CONVERSION = YES;
				CLANG_WARN_DEPRECATED_OBJC_IMPLEMENTATIONS = YES;
				CLANG_WARN_DIRECT_OBJC_ISA_USAGE = YES_ERROR;
				CLANG_WARN_DOCUMENTATION_COMMENTS = YES;
				CLANG_WARN_EMPTY_BODY = YES;
				CLANG_WARN_ENUM_CONVERSION = YES;
				CLANG_WARN_INFINITE_RECURSION = YES;
				CLANG_WARN_INT_CONVERSION = YES;
				CLANG_WARN_NON_LITERAL_NULL_CONVERSION = YES;
				CLANG_WARN_OBJC_IMPLICIT_RETAIN_SELF = YES;
				CLANG_WARN_OBJC_LITERAL_CONVERSION = YES;
				CLANG_WARN_OBJC_ROOT_CLASS = YES_ERROR;
				CLANG_WARN_QUOTED_INCLUDE_IN_FRAMEWORK_HEADER = YES;
				CLANG_WARN_RANGE_LOOP_ANALYSIS = YES;
				CLANG_WARN_STRICT_PROTOTYPES = YES;
				CLANG_WARN_SUSPICIOUS_MOVE = YES;
				CLANG_WARN_UNGUARDED_AVAILABILITY = YES_AGGRESSIVE;
				CLANG_WARN_UNREACHABLE_CODE = YES;
				CLANG_WARN__DUPLICATE_METHOD_MATCH = YES;
				COPY_PHASE_STRIP = NO;
				DEBUG_INFORMATION_FORMAT = dwarf;
				ENABLE_STRICT_OBJC_MSGSEND = YES;
				ENABLE_TESTABILITY = YES;
				GCC_C_LANGUAGE_STANDARD = gnu11;
				GCC_DYNAMIC_NO_PIC = NO;
				GCC_NO_COMMON_BLOCKS = YES;
				GCC_OPTIMIZATION_LEVEL = 0;
				GCC_PREPROCESSOR_DEFINITIONS = (
					"DEBUG=1",
					"$(inherited)",
				);
				GCC_WARN_64_TO_32_BIT_CONVERSION = YES;
				GCC_WARN_ABOUT_RETURN_TYPE = YES_ERROR;
				GCC_WARN_UNDECLARED_SELECTOR = YES;
				GCC_WARN_UNINITIALIZED_AUTOS = YES_AGGRESSIVE;
				GCC_WARN_UNUSED_FUNCTION = YES;
				GCC_WARN_UNUSED_VARIABLE = YES;
				IPHONEOS_DEPLOYMENT_TARGET = 15.5;
				MTL_ENABLE_DEBUG_INFO = INCLUDE_SOURCE;
				MTL_FAST_MATH = YES;
				ONLY_ACTIVE_ARCH = YES;
				SDKROOT = iphoneos;
				SWIFT_ACTIVE_COMPILATION_CONDITIONS = DEBUG;
				SWIFT_OPTIMIZATION_LEVEL = "-Onone";
			};
			name = Debug;
		};
		6A36BDF128CFD77E00E8894E /* Release */ = {
			isa = XCBuildConfiguration;
			buildSettings = {
				ALWAYS_SEARCH_USER_PATHS = NO;
				CLANG_ANALYZER_NONNULL = YES;
				CLANG_ANALYZER_NUMBER_OBJECT_CONVERSION = YES_AGGRESSIVE;
				CLANG_CXX_LANGUAGE_STANDARD = "gnu++17";
				CLANG_ENABLE_MODULES = YES;
				CLANG_ENABLE_OBJC_ARC = YES;
				CLANG_ENABLE_OBJC_WEAK = YES;
				CLANG_WARN_BLOCK_CAPTURE_AUTORELEASING = YES;
				CLANG_WARN_BOOL_CONVERSION = YES;
				CLANG_WARN_COMMA = YES;
				CLANG_WARN_CONSTANT_CONVERSION = YES;
				CLANG_WARN_DEPRECATED_OBJC_IMPLEMENTATIONS = YES;
				CLANG_WARN_DIRECT_OBJC_ISA_USAGE = YES_ERROR;
				CLANG_WARN_DOCUMENTATION_COMMENTS = YES;
				CLANG_WARN_EMPTY_BODY = YES;
				CLANG_WARN_ENUM_CONVERSION = YES;
				CLANG_WARN_INFINITE_RECURSION = YES;
				CLANG_WARN_INT_CONVERSION = YES;
				CLANG_WARN_NON_LITERAL_NULL_CONVERSION = YES;
				CLANG_WARN_OBJC_IMPLICIT_RETAIN_SELF = YES;
				CLANG_WARN_OBJC_LITERAL_CONVERSION = YES;
				CLANG_WARN_OBJC_ROOT_CLASS = YES_ERROR;
				CLANG_WARN_QUOTED_INCLUDE_IN_FRAMEWORK_HEADER = YES;
				CLANG_WARN_RANGE_LOOP_ANALYSIS = YES;
				CLANG_WARN_STRICT_PROTOTYPES = YES;
				CLANG_WARN_SUSPICIOUS_MOVE = YES;
				CLANG_WARN_UNGUARDED_AVAILABILITY = YES_AGGRESSIVE;
				CLANG_WARN_UNREACHABLE_CODE = YES;
				CLANG_WARN__DUPLICATE_METHOD_MATCH = YES;
				COPY_PHASE_STRIP = NO;
				DEBUG_INFORMATION_FORMAT = "dwarf-with-dsym";
				ENABLE_NS_ASSERTIONS = NO;
				ENABLE_STRICT_OBJC_MSGSEND = YES;
				GCC_C_LANGUAGE_STANDARD = gnu11;
				GCC_NO_COMMON_BLOCKS = YES;
				GCC_WARN_64_TO_32_BIT_CONVERSION = YES;
				GCC_WARN_ABOUT_RETURN_TYPE = YES_ERROR;
				GCC_WARN_UNDECLARED_SELECTOR = YES;
				GCC_WARN_UNINITIALIZED_AUTOS = YES_AGGRESSIVE;
				GCC_WARN_UNUSED_FUNCTION = YES;
				GCC_WARN_UNUSED_VARIABLE = YES;
				IPHONEOS_DEPLOYMENT_TARGET = 15.5;
				MTL_ENABLE_DEBUG_INFO = NO;
				MTL_FAST_MATH = YES;
				SDKROOT = iphoneos;
				SWIFT_COMPILATION_MODE = wholemodule;
				SWIFT_OPTIMIZATION_LEVEL = "-O";
				VALIDATE_PRODUCT = YES;
			};
			name = Release;
		};
		6A36BDF328CFD77E00E8894E /* Debug */ = {
			isa = XCBuildConfiguration;
			baseConfigurationReference = B4AA021174D9772B6A28EC1C /* Pods-Flix.debug.xcconfig */;
			buildSettings = {
				ASSETCATALOG_COMPILER_APPICON_NAME = AppIcon;
				ASSETCATALOG_COMPILER_GLOBAL_ACCENT_COLOR_NAME = AccentColor;
				CODE_SIGN_STYLE = Automatic;
				CURRENT_PROJECT_VERSION = 1;
				DEVELOPMENT_TEAM = 99E392KLXB;
				GENERATE_INFOPLIST_FILE = YES;
				INFOPLIST_FILE = Flix/Info.plist;
				INFOPLIST_KEY_UIApplicationSupportsIndirectInputEvents = YES;
				INFOPLIST_KEY_UILaunchStoryboardName = LaunchScreen;
				INFOPLIST_KEY_UIMainStoryboardFile = Main;
				INFOPLIST_KEY_UISupportedInterfaceOrientations_iPad = "UIInterfaceOrientationPortrait UIInterfaceOrientationPortraitUpsideDown UIInterfaceOrientationLandscapeLeft UIInterfaceOrientationLandscapeRight";
				INFOPLIST_KEY_UISupportedInterfaceOrientations_iPhone = "UIInterfaceOrientationPortrait UIInterfaceOrientationLandscapeLeft UIInterfaceOrientationLandscapeRight";
				LD_RUNPATH_SEARCH_PATHS = (
					"$(inherited)",
					"@executable_path/Frameworks",
				);
				MARKETING_VERSION = 1.0;
				PRODUCT_BUNDLE_IDENTIFIER = co.yuntian.Flix;
				PRODUCT_NAME = "$(TARGET_NAME)";
				SWIFT_EMIT_LOC_STRINGS = YES;
				SWIFT_VERSION = 5.0;
				TARGETED_DEVICE_FAMILY = "1,2";
			};
			name = Debug;
		};
		6A36BDF428CFD77E00E8894E /* Release */ = {
			isa = XCBuildConfiguration;
			baseConfigurationReference = C72F4287C7B0B8C4B0B2D793 /* Pods-Flix.release.xcconfig */;
			buildSettings = {
				ASSETCATALOG_COMPILER_APPICON_NAME = AppIcon;
				ASSETCATALOG_COMPILER_GLOBAL_ACCENT_COLOR_NAME = AccentColor;
				CODE_SIGN_STYLE = Automatic;
				CURRENT_PROJECT_VERSION = 1;
				DEVELOPMENT_TEAM = 99E392KLXB;
				GENERATE_INFOPLIST_FILE = YES;
				INFOPLIST_FILE = Flix/Info.plist;
				INFOPLIST_KEY_UIApplicationSupportsIndirectInputEvents = YES;
				INFOPLIST_KEY_UILaunchStoryboardName = LaunchScreen;
				INFOPLIST_KEY_UIMainStoryboardFile = Main;
				INFOPLIST_KEY_UISupportedInterfaceOrientations_iPad = "UIInterfaceOrientationPortrait UIInterfaceOrientationPortraitUpsideDown UIInterfaceOrientationLandscapeLeft UIInterfaceOrientationLandscapeRight";
				INFOPLIST_KEY_UISupportedInterfaceOrientations_iPhone = "UIInterfaceOrientationPortrait UIInterfaceOrientationLandscapeLeft UIInterfaceOrientationLandscapeRight";
				LD_RUNPATH_SEARCH_PATHS = (
					"$(inherited)",
					"@executable_path/Frameworks",
				);
				MARKETING_VERSION = 1.0;
				PRODUCT_BUNDLE_IDENTIFIER = co.yuntian.Flix;
				PRODUCT_NAME = "$(TARGET_NAME)";
				SWIFT_EMIT_LOC_STRINGS = YES;
				SWIFT_VERSION = 5.0;
				TARGETED_DEVICE_FAMILY = "1,2";
			};
			name = Release;
		};
		6A36BDF628CFD77E00E8894E /* Debug */ = {
			isa = XCBuildConfiguration;
			baseConfigurationReference = 72AE1FAB4F99B230EB36548F /* Pods-FlixTests.debug.xcconfig */;
			buildSettings = {
				ALWAYS_EMBED_SWIFT_STANDARD_LIBRARIES = YES;
				BUNDLE_LOADER = "$(TEST_HOST)";
				CODE_SIGN_STYLE = Automatic;
				CURRENT_PROJECT_VERSION = 1;
				DEVELOPMENT_TEAM = 99E392KLXB;
				GENERATE_INFOPLIST_FILE = YES;
				IPHONEOS_DEPLOYMENT_TARGET = 15.5;
				MARKETING_VERSION = 1.0;
				PRODUCT_BUNDLE_IDENTIFIER = co.yuntian.FlixTests;
				PRODUCT_NAME = "$(TARGET_NAME)";
				SWIFT_EMIT_LOC_STRINGS = NO;
				SWIFT_VERSION = 5.0;
				TARGETED_DEVICE_FAMILY = "1,2";
				TEST_HOST = "$(BUILT_PRODUCTS_DIR)/Flix.app/Flix";
			};
			name = Debug;
		};
		6A36BDF728CFD77E00E8894E /* Release */ = {
			isa = XCBuildConfiguration;
			baseConfigurationReference = C5D0357B9B877A129FD1556B /* Pods-FlixTests.release.xcconfig */;
			buildSettings = {
				ALWAYS_EMBED_SWIFT_STANDARD_LIBRARIES = YES;
				BUNDLE_LOADER = "$(TEST_HOST)";
				CODE_SIGN_STYLE = Automatic;
				CURRENT_PROJECT_VERSION = 1;
				DEVELOPMENT_TEAM = 99E392KLXB;
				GENERATE_INFOPLIST_FILE = YES;
				IPHONEOS_DEPLOYMENT_TARGET = 15.5;
				MARKETING_VERSION = 1.0;
				PRODUCT_BUNDLE_IDENTIFIER = co.yuntian.FlixTests;
				PRODUCT_NAME = "$(TARGET_NAME)";
				SWIFT_EMIT_LOC_STRINGS = NO;
				SWIFT_VERSION = 5.0;
				TARGETED_DEVICE_FAMILY = "1,2";
				TEST_HOST = "$(BUILT_PRODUCTS_DIR)/Flix.app/Flix";
			};
			name = Release;
		};
		6A36BDF928CFD77E00E8894E /* Debug */ = {
			isa = XCBuildConfiguration;
			baseConfigurationReference = 9D150F25237A68C21FB4EEA4 /* Pods-Flix-FlixUITests.debug.xcconfig */;
			buildSettings = {
				ALWAYS_EMBED_SWIFT_STANDARD_LIBRARIES = YES;
				CODE_SIGN_STYLE = Automatic;
				CURRENT_PROJECT_VERSION = 1;
				DEVELOPMENT_TEAM = 99E392KLXB;
				GENERATE_INFOPLIST_FILE = YES;
				MARKETING_VERSION = 1.0;
				PRODUCT_BUNDLE_IDENTIFIER = co.yuntian.FlixUITests;
				PRODUCT_NAME = "$(TARGET_NAME)";
				SWIFT_EMIT_LOC_STRINGS = NO;
				SWIFT_VERSION = 5.0;
				TARGETED_DEVICE_FAMILY = "1,2";
				TEST_TARGET_NAME = Flix;
			};
			name = Debug;
		};
		6A36BDFA28CFD77E00E8894E /* Release */ = {
			isa = XCBuildConfiguration;
			baseConfigurationReference = 9C2F8558FF2A10B7EF42E5DC /* Pods-Flix-FlixUITests.release.xcconfig */;
			buildSettings = {
				ALWAYS_EMBED_SWIFT_STANDARD_LIBRARIES = YES;
				CODE_SIGN_STYLE = Automatic;
				CURRENT_PROJECT_VERSION = 1;
				DEVELOPMENT_TEAM = 99E392KLXB;
				GENERATE_INFOPLIST_FILE = YES;
				MARKETING_VERSION = 1.0;
				PRODUCT_BUNDLE_IDENTIFIER = co.yuntian.FlixUITests;
				PRODUCT_NAME = "$(TARGET_NAME)";
				SWIFT_EMIT_LOC_STRINGS = NO;
				SWIFT_VERSION = 5.0;
				TARGETED_DEVICE_FAMILY = "1,2";
				TEST_TARGET_NAME = Flix;
			};
			name = Release;
		};
/* End XCBuildConfiguration section */

/* Begin XCConfigurationList section */
		6A36BDC328CFD77B00E8894E /* Build configuration list for PBXProject "Flix" */ = {
			isa = XCConfigurationList;
			buildConfigurations = (
				6A36BDF028CFD77E00E8894E /* Debug */,
				6A36BDF128CFD77E00E8894E /* Release */,
			);
			defaultConfigurationIsVisible = 0;
			defaultConfigurationName = Release;
		};
		6A36BDF228CFD77E00E8894E /* Build configuration list for PBXNativeTarget "Flix" */ = {
			isa = XCConfigurationList;
			buildConfigurations = (
				6A36BDF328CFD77E00E8894E /* Debug */,
				6A36BDF428CFD77E00E8894E /* Release */,
			);
			defaultConfigurationIsVisible = 0;
			defaultConfigurationName = Release;
		};
		6A36BDF528CFD77E00E8894E /* Build configuration list for PBXNativeTarget "FlixTests" */ = {
			isa = XCConfigurationList;
			buildConfigurations = (
				6A36BDF628CFD77E00E8894E /* Debug */,
				6A36BDF728CFD77E00E8894E /* Release */,
			);
			defaultConfigurationIsVisible = 0;
			defaultConfigurationName = Release;
		};
		6A36BDF828CFD77E00E8894E /* Build configuration list for PBXNativeTarget "FlixUITests" */ = {
			isa = XCConfigurationList;
			buildConfigurations = (
				6A36BDF928CFD77E00E8894E /* Debug */,
				6A36BDFA28CFD77E00E8894E /* Release */,
			);
			defaultConfigurationIsVisible = 0;
			defaultConfigurationName = Release;
		};
/* End XCConfigurationList section */

/* Begin XCRemoteSwiftPackageReference section */
		6A472CD628D001AF0030BA33 /* XCRemoteSwiftPackageReference "AlamofireImage" */ = {
			isa = XCRemoteSwiftPackageReference;
			repositoryURL = "https://github.com/Alamofire/AlamofireImage";
			requirement = {
				kind = upToNextMajorVersion;
				minimumVersion = 4.0.0;
			};
		};
/* End XCRemoteSwiftPackageReference section */

/* Begin XCSwiftPackageProductDependency section */
		6A472CD728D001AF0030BA33 /* AlamofireImage */ = {
			isa = XCSwiftPackageProductDependency;
			package = 6A472CD628D001AF0030BA33 /* XCRemoteSwiftPackageReference "AlamofireImage" */;
			productName = AlamofireImage;
		};
/* End XCSwiftPackageProductDependency section */
	};
	rootObject = 6A36BDC028CFD77B00E8894E /* Project object */;
}
